
Microsoft Visual Studio Solution File, Format Version 12.00
# Visual Studio Version 16
VisualStudioVersion = 16.0.29326.143
MinimumVisualStudioVersion = 10.0.40219.1
Project("{8BC9CEB8-8B4A-11D0-8D11-00A0C91BC942}") = "3D projection", "3D projection.vcxproj", "{C33AF910-C281-4C70-ADB3-9514F1CDBE54}"
EndProject
Global
	GlobalSection(SolutionConfigurationPlatforms) = preSolution
		Debug|x64 = Debug|x64
		Debug|x86 = Debug|x86
		Release|x64 = Release|x64
		Release|x86 = Release|x86
	EndGlobalSection
	GlobalSection(ProjectConfigurationPlatforms) = postSolution
		{C33AF910-C281-4C70-ADB3-9514F1CDBE54}.Debug|x64.ActiveCfg = Debug|x64
		{C33AF910-C281-4C70-ADB3-9514F1CDBE54}.Debug|x64.Build.0 = Debug|x64
		{C33AF910-C281-4C70-ADB3-9514F1CDBE54}.Debug|x86.ActiveCfg = Debug|Win32
		{C33AF910-C281-4C70-ADB3-9514F1CDBE54}.Debug|x86.Build.0 = Debug|Win32
		{C33AF910-C281-4C70-ADB3-9514F1CDBE54}.Release|x64.ActiveCfg = Release|x64
		{C33AF910-C281-4C70-ADB3-9514F1CDBE54}.Release|x64.Build.0 = Release|x64
		{C33AF910-C281-4C70-ADB3-9514F1CDBE54}.Release|x86.ActiveCfg = Release|Win32
		{C33AF910-C281-4C70-ADB3-9514F1CDBE54}.Release|x86.Build.0 = Release|Win32
	EndGlobalSection
	GlobalSection(SolutionProperties) = preSolution
		HideSolutionNode = FALSE
	EndGlobalSection
	GlobalSection(ExtensibilityGlobals) = postSolution
		SolutionGuid = {C99506FB-6D0E-4F3E-A079-6F651C3B3631}
	EndGlobalSection
EndGlobal
